
Microsoft Visual Studio Solution File, Format Version 12.00
# Visual Studio Version 17
VisualStudioVersion = 17.14.36908.2
MinimumVisualStudioVersion = 10.0.40219.1
Project("{FAE04EC0-301F-11D3-BF4B-00C04F79EFBC}") = "TendersData.Api", "src\TendersData.Api\TendersData.Api.csproj", "{2E8C1D81-BA0A-444C-BC3E-6E8B62CF7570}"
EndProject
Project("{2150E333-8FDC-42A3-9474-1A3956D46DE8}") = "src", "src", "{02EA681E-C7D8-13C7-8484-4AC65E1B71E8}"
EndProject
Project("{2150E333-8FDC-42A3-9474-1A3956D46DE8}") = "tests", "tests", "{291D4163-A84D-4DD1-973E-763C4164FF7D}"
EndProject
Project("{FAE04EC0-301F-11D3-BF4B-00C04F79EFBC}") = "TendersData.Api.Tests", "tests\TendersData.Api.Tests\TendersData.Api.Tests.csproj", "{A988EECF-5776-49B8-A36A-AEB0E9EE8D2C}"
EndProject
Global
	GlobalSection(SolutionConfigurationPlatforms) = preSolution
		Debug|Any CPU = Debug|Any CPU
		Release|Any CPU = Release|Any CPU
	EndGlobalSection
	GlobalSection(ProjectConfigurationPlatforms) = postSolution
		{2E8C1D81-BA0A-444C-BC3E-6E8B62CF7570}.Debug|Any CPU.ActiveCfg = Debug|Any CPU
		{2E8C1D81-BA0A-444C-BC3E-6E8B62CF7570}.Debug|Any CPU.Build.0 = Debug|Any CPU
		{2E8C1D81-BA0A-444C-BC3E-6E8B62CF7570}.Release|Any CPU.ActiveCfg = Release|Any CPU
		{2E8C1D81-BA0A-444C-BC3E-6E8B62CF7570}.Release|Any CPU.Build.0 = Release|Any CPU
		{A988EECF-5776-49B8-A36A-AEB0E9EE8D2C}.Debug|Any CPU.ActiveCfg = Debug|Any CPU
		{A988EECF-5776-49B8-A36A-AEB0E9EE8D2C}.Debug|Any CPU.Build.0 = Debug|Any CPU
		{A988EECF-5776-49B8-A36A-AEB0E9EE8D2C}.Release|Any CPU.ActiveCfg = Release|Any CPU
		{A988EECF-5776-49B8-A36A-AEB0E9EE8D2C}.Release|Any CPU.Build.0 = Release|Any CPU
	EndGlobalSection
	GlobalSection(SolutionProperties) = preSolution
		HideSolutionNode = FALSE
	EndGlobalSection
	GlobalSection(NestedProjects) = preSolution
		{2E8C1D81-BA0A-444C-BC3E-6E8B62CF7570} = {02EA681E-C7D8-13C7-8484-4AC65E1B71E8}
		{A988EECF-5776-49B8-A36A-AEB0E9EE8D2C} = {291D4163-A84D-4DD1-973E-763C4164FF7D}
	EndGlobalSection
	GlobalSection(ExtensibilityGlobals) = postSolution
		SolutionGuid = {D786938A-059D-4A05-B10D-8314606A298D}
	EndGlobalSection
EndGlobal
